
Microsoft Visual Studio Solution File, Format Version 12.00
# Visual Studio Version 16
VisualStudioVersion = 16.0.30907.101
MinimumVisualStudioVersion = 10.0.40219.1
Project("{9A19103F-16F7-4668-BE54-9A1E7A4F7556}") = "Donguler", "Donguler\Donguler.csproj", "{DE254ABD-C360-4341-AE72-EEFAAA3054A9}"
EndProject
Project("{9A19103F-16F7-4668-BE54-9A1E7A4F7556}") = "ClassIntro", "ClassIntro\ClassIntro.csproj", "{AF2A05A3-9331-4C69-98AC-D69468F9FDEF}"
EndProject
Project("{FAE04EC0-301F-11D3-BF4B-00C04F79EFBC}") = "Metotlar", "Metotlar\Metotlar.csproj", "{27CA4E67-CAB2-4C46-81D1-33E798EEA6ED}"
EndProject
Project("{FAE04EC0-301F-11D3-BF4B-00C04F79EFBC}") = "Matematik", "Matematik\Matematik.csproj", "{1138E605-3187-468F-AF9A-64488C00C9F9}"
EndProject
Project("{FAE04EC0-301F-11D3-BF4B-00C04F79EFBC}") = "DegerVeReferansTipler", "DegerVeReferansTipler\DegerVeReferansTipler.csproj", "{AD4ED82F-E30C-442C-A00C-6CDA7F0AA7B5}"
EndProject
Global
	GlobalSection(SolutionConfigurationPlatforms) = preSolution
		Debug|Any CPU = Debug|Any CPU
		Release|Any CPU = Release|Any CPU
	EndGlobalSection
	GlobalSection(ProjectConfigurationPlatforms) = postSolution
		{DE254ABD-C360-4341-AE72-EEFAAA3054A9}.Debug|Any CPU.ActiveCfg = Debug|Any CPU
		{DE254ABD-C360-4341-AE72-EEFAAA3054A9}.Debug|Any CPU.Build.0 = Debug|Any CPU
		{DE254ABD-C360-4341-AE72-EEFAAA3054A9}.Release|Any CPU.ActiveCfg = Release|Any CPU
		{DE254ABD-C360-4341-AE72-EEFAAA3054A9}.Release|Any CPU.Build.0 = Release|Any CPU
		{AF2A05A3-9331-4C69-98AC-D69468F9FDEF}.Debug|Any CPU.ActiveCfg = Debug|Any CPU
		{AF2A05A3-9331-4C69-98AC-D69468F9FDEF}.Debug|Any CPU.Build.0 = Debug|Any CPU
		{AF2A05A3-9331-4C69-98AC-D69468F9FDEF}.Release|Any CPU.ActiveCfg = Release|Any CPU
		{AF2A05A3-9331-4C69-98AC-D69468F9FDEF}.Release|Any CPU.Build.0 = Release|Any CPU
		{27CA4E67-CAB2-4C46-81D1-33E798EEA6ED}.Debug|Any CPU.ActiveCfg = Debug|Any CPU
		{27CA4E67-CAB2-4C46-81D1-33E798EEA6ED}.Debug|Any CPU.Build.0 = Debug|Any CPU
		{27CA4E67-CAB2-4C46-81D1-33E798EEA6ED}.Release|Any CPU.ActiveCfg = Release|Any CPU
		{27CA4E67-CAB2-4C46-81D1-33E798EEA6ED}.Release|Any CPU.Build.0 = Release|Any CPU
		{1138E605-3187-468F-AF9A-64488C00C9F9}.Debug|Any CPU.ActiveCfg = Debug|Any CPU
		{1138E605-3187-468F-AF9A-64488C00C9F9}.Debug|Any CPU.Build.0 = Debug|Any CPU
		{1138E605-3187-468F-AF9A-64488C00C9F9}.Release|Any CPU.ActiveCfg = Release|Any CPU
		{1138E605-3187-468F-AF9A-64488C00C9F9}.Release|Any CPU.Build.0 = Release|Any CPU
		{AD4ED82F-E30C-442C-A00C-6CDA7F0AA7B5}.Debug|Any CPU.ActiveCfg = Debug|Any CPU
		{AD4ED82F-E30C-442C-A00C-6CDA7F0AA7B5}.Debug|Any CPU.Build.0 = Debug|Any CPU
		{AD4ED82F-E30C-442C-A00C-6CDA7F0AA7B5}.Release|Any CPU.ActiveCfg = Release|Any CPU
		{AD4ED82F-E30C-442C-A00C-6CDA7F0AA7B5}.Release|Any CPU.Build.0 = Release|Any CPU
	EndGlobalSection
	GlobalSection(SolutionProperties) = preSolution
		HideSolutionNode = FALSE
	EndGlobalSection
	GlobalSection(ExtensibilityGlobals) = postSolution
		SolutionGuid = {36E548B8-40F8-4417-A7F0-5B7ACE01E67E}
	EndGlobalSection
EndGlobal
